Microsoft Visual Studio Solution File, Format Version 12.00
# Visual Studio 15
VisualStudioVersion = 15.0.27703.2000
MinimumVisualStudioVersion = 10.0.40219.1
Project("{8BC9CEB8-8B4A-11D0-8D11-00A0C91BC942}") = "BangEditor", "BangEditor.vcxproj", "{05630326-2DA8-48A8-A6AB-1B87D17D5671}"
	ProjectSection(ProjectDependencies) = postProject
		{0D68C52E-AD5B-4AD8-B536-A360E1BA97B1} = {0D68C52E-AD5B-4AD8-B536-A360E1BA97B1}
	EndProjectSection
EndProject
Project("{8BC9CEB8-8B4A-11D0-8D11-00A0C91BC942}") = "CompileThirdParty", "Bang\Compile\CompileDependencies\ThirdParty\CompileThirdParty\CompileThirdParty.vcxproj", "{A40C2202-46BA-45D1-BD86-08763A1CD5B8}"
	ProjectSection(ProjectDependencies) = postProject
		{4340B408-D2C7-4901-A0A5-3F116F0758F9} = {4340B408-D2C7-4901-A0A5-3F116F0758F9}
		{ED2AA14C-9E7A-49E0-BAA8-CC9909840992} = {ED2AA14C-9E7A-49E0-BAA8-CC9909840992}
		{6E08845D-A86A-40FE-8D32-2367B54FE85C} = {6E08845D-A86A-40FE-8D32-2367B54FE85C}
		{EAE2DB66-46F2-4DCC-B188-126C7F0156A6} = {EAE2DB66-46F2-4DCC-B188-126C7F0156A6}
		{7E901B79-C226-4EB9-917C-1CF0BB609C33} = {7E901B79-C226-4EB9-917C-1CF0BB609C33}
		{03778D7E-8A09-4E14-BBAD-00E76FB09162} = {03778D7E-8A09-4E14-BBAD-00E76FB09162}
		{7F8BCFA2-6756-4816-ACB3-85464839C9F4} = {7F8BCFA2-6756-4816-ACB3-85464839C9F4}
		{F4A933C5-146E-40B6-A0CE-CE2FF52D4C2F} = {F4A933C5-146E-40B6-A0CE-CE2FF52D4C2F}
		{AE0169FF-BA6E-43A2-A3E6-02977543D6DF} = {AE0169FF-BA6E-43A2-A3E6-02977543D6DF}
	EndProjectSection
EndProject
Project("{8BC9CEB8-8B4A-11D0-8D11-00A0C91BC942}") = "CompileLibPng", "Bang\Compile\CompileDependencies\ThirdParty\libpng-1.6.34\CompileLibPng\CompileLibPng.vcxproj", "{ED2AA14C-9E7A-49E0-BAA8-CC9909840992}"
	ProjectSection(ProjectDependencies) = postProject
		{03778D7E-8A09-4E14-BBAD-00E76FB09162} = {03778D7E-8A09-4E14-BBAD-00E76FB09162}
	EndProjectSection
EndProject
Project("{8BC9CEB8-8B4A-11D0-8D11-00A0C91BC942}") = "CompileZLib", "Bang\Compile\CompileDependencies\ThirdParty\zlib-1.2.11\CompileZLib\CompileZLib.vcxproj", "{03778D7E-8A09-4E14-BBAD-00E76FB09162}"
EndProject
Project("{8BC9CEB8-8B4A-11D0-8D11-00A0C91BC942}") = "CompileLibJpeg", "Bang\Compile\CompileDependencies\ThirdParty\libjpeg-turbo\CompileLibJpeg\CompileLibJpeg.vcxproj", "{7F8BCFA2-6756-4816-ACB3-85464839C9F4}"
EndProject
Project("{8BC9CEB8-8B4A-11D0-8D11-00A0C91BC942}") = "CompileOpenAL", "Bang\Compile\CompileDependencies\ThirdParty\openal-soft\CompileOpenAL\CompileOpenAL.vcxproj", "{F4A933C5-146E-40B6-A0CE-CE2FF52D4C2F}"
EndProject
Project("{8BC9CEB8-8B4A-11D0-8D11-00A0C91BC942}") = "CompileGLEW", "Bang\Compile\CompileDependencies\ThirdParty\glew-2.1.0\CompileGLEW\CompileGLEW.vcxproj", "{4340B408-D2C7-4901-A0A5-3F116F0758F9}"
EndProject
Project("{8BC9CEB8-8B4A-11D0-8D11-00A0C91BC942}") = "CompileSDL2", "Bang\Compile\CompileDependencies\ThirdParty\SDL2-2.0.8\CompileSDL2\CompileSDL2.vcxproj", "{AE0169FF-BA6E-43A2-A3E6-02977543D6DF}"
EndProject
Project("{8BC9CEB8-8B4A-11D0-8D11-00A0C91BC942}") = "CompileSDL2_TTF", "Bang\Compile\CompileDependencies\ThirdParty\SDL2_ttf-2.0.14\CompileSDL2_TTF\CompileSDL2_TTF.vcxproj", "{6E08845D-A86A-40FE-8D32-2367B54FE85C}"
	ProjectSection(ProjectDependencies) = postProject
		{7E901B79-C226-4EB9-917C-1CF0BB609C33} = {7E901B79-C226-4EB9-917C-1CF0BB609C33}
		{AE0169FF-BA6E-43A2-A3E6-02977543D6DF} = {AE0169FF-BA6E-43A2-A3E6-02977543D6DF}
	EndProjectSection
EndProject
Project("{8BC9CEB8-8B4A-11D0-8D11-00A0C91BC942}") = "CompileFreetype", "Bang\Compile\CompileDependencies\ThirdParty\freetype-2.4.0\CompileFreetype\CompileFreetype.vcxproj", "{7E901B79-C226-4EB9-917C-1CF0BB609C33}"
EndProject
Project("{8BC9CEB8-8B4A-11D0-8D11-00A0C91BC942}") = "CompileAssimp", "Bang\Compile\CompileDependencies\ThirdParty\assimp\CompileAssimp\CompileAssimp.vcxproj", "{EAE2DB66-46F2-4DCC-B188-126C7F0156A6}"
EndProject
Project("{8BC9CEB8-8B4A-11D0-8D11-00A0C91BC942}") = "Bang", "Bang\Bang.vcxproj", "{0D68C52E-AD5B-4AD8-B536-A360E1BA97B1}"
	ProjectSection(ProjectDependencies) = postProject
		{A40C2202-46BA-45D1-BD86-08763A1CD5B8} = {A40C2202-46BA-45D1-BD86-08763A1CD5B8}
	EndProjectSection
EndProject
Global
	GlobalSection(SolutionConfigurationPlatforms) = preSolution
		Debug Multithreaded|Win32 = Debug Multithreaded|Win32
		Debug Multithreaded|x64 = Debug Multithreaded|x64
		Debug Multithreaded|x86 = Debug Multithreaded|x86
		Debug Singlethreaded|Win32 = Debug Singlethreaded|Win32
		Debug Singlethreaded|x64 = Debug Singlethreaded|x64
		Debug Singlethreaded|x86 = Debug Singlethreaded|x86
		Debug|Win32 = Debug|Win32
		Debug|x64 = Debug|x64
		Debug|x86 = Debug|x86
		MinSizeRel|Win32 = MinSizeRel|Win32
		MinSizeRel|x64 = MinSizeRel|x64
		MinSizeRel|x86 = MinSizeRel|x86
		Release Multithreaded|Win32 = Release Multithreaded|Win32
		Release Multithreaded|x64 = Release Multithreaded|x64
		Release Multithreaded|x86 = Release Multithreaded|x86
		Release Singlethreaded|Win32 = Release Singlethreaded|Win32
		Release Singlethreaded|x64 = Release Singlethreaded|x64
		Release Singlethreaded|x86 = Release Singlethreaded|x86
		Release|Win32 = Release|Win32
		Release|x64 = Release|x64
		Release|x86 = Release|x86
		RelWithDebInfo|Win32 = RelWithDebInfo|Win32
		RelWithDebInfo|x64 = RelWithDebInfo|x64
		RelWithDebInfo|x86 = RelWithDebInfo|x86
	EndGlobalSection
	GlobalSection(ProjectConfigurationPlatforms) = postSolution
		{05630326-2DA8-48A8-A6AB-1B87D17D5671}.Debug Multithreaded|Win32.ActiveCfg = Debug|Win32
		{05630326-2DA8-48A8-A6AB-1B87D17D5671}.Debug Multithreaded|Win32.Build.0 = Debug|Win32
		{05630326-2DA8-48A8-A6AB-1B87D17D5671}.Debug Multithreaded|x64.ActiveCfg = Debug|x64
		{05630326-2DA8-48A8-A6AB-1B87D17D5671}.Debug Multithreaded|x64.Build.0 = Debug|x64
		{05630326-2DA8-48A8-A6AB-1B87D17D5671}.Debug Multithreaded|x86.ActiveCfg = Debug|Win32
		{05630326-2DA8-48A8-A6AB-1B87D17D5671}.Debug Multithreaded|x86.Build.0 = Debug|Win32
		{05630326-2DA8-48A8-A6AB-1B87D17D5671}.Debug Singlethreaded|Win32.ActiveCfg = Debug|Win32
		{05630326-2DA8-48A8-A6AB-1B87D17D5671}.Debug Singlethreaded|Win32.Build.0 = Debug|Win32
		{05630326-2DA8-48A8-A6AB-1B87D17D5671}.Debug Singlethreaded|x64.ActiveCfg = Debug|x64
		{05630326-2DA8-48A8-A6AB-1B87D17D5671}.Debug Singlethreaded|x64.Build.0 = Debug|x64
		{05630326-2DA8-48A8-A6AB-1B87D17D5671}.Debug Singlethreaded|x86.ActiveCfg = Debug|Win32
		{05630326-2DA8-48A8-A6AB-1B87D17D5671}.Debug Singlethreaded|x86.Build.0 = Debug|Win32
		{05630326-2DA8-48A8-A6AB-1B87D17D5671}.Debug|Win32.ActiveCfg = Debug|Win32
		{05630326-2DA8-48A8-A6AB-1B87D17D5671}.Debug|Win32.Build.0 = Debug|Win32
		{05630326-2DA8-48A8-A6AB-1B87D17D5671}.Debug|x64.ActiveCfg = Debug|x64
		{05630326-2DA8-48A8-A6AB-1B87D17D5671}.Debug|x64.Build.0 = Debug|x64
		{05630326-2DA8-48A8-A6AB-1B87D17D5671}.Debug|x86.ActiveCfg = Debug|Win32
		{05630326-2DA8-48A8-A6AB-1B87D17D5671}.Debug|x86.Build.0 = Debug|Win32
		{05630326-2DA8-48A8-A6AB-1B87D17D5671}.MinSizeRel|Win32.ActiveCfg = Release|Win32
		{05630326-2DA8-48A8-A6AB-1B87D17D5671}.MinSizeRel|Win32.Build.0 = Release|Win32
		{05630326-2DA8-48A8-A6AB-1B87D17D5671}.MinSizeRel|x64.ActiveCfg = Debug|x64
		{05630326-2DA8-48A8-A6AB-1B87D17D5671}.MinSizeRel|x64.Build.0 = Debug|x64
		{05630326-2DA8-48A8-A6AB-1B87D17D5671}.MinSizeRel|x86.ActiveCfg = Release|Win32
		{05630326-2DA8-48A8-A6AB-1B87D17D5671}.MinSizeRel|x86.Build.0 = Release|Win32
		{05630326-2DA8-48A8-A6AB-1B87D17D5671}.Release Multithreaded|Win32.ActiveCfg = Release|Win32
		{05630326-2DA8-48A8-A6AB-1B87D17D5671}.Release Multithreaded|Win32.Build.0 = Release|Win32
		{05630326-2DA8-48A8-A6AB-1B87D17D5671}.Release Multithreaded|x64.ActiveCfg = Debug|x64
		{05630326-2DA8-48A8-A6AB-1B87D17D5671}.Release Multithreaded|x64.Build.0 = Debug|x64
		{05630326-2DA8-48A8-A6AB-1B87D17D5671}.Release Multithreaded|x86.ActiveCfg = Release|Win32
		{05630326-2DA8-48A8-A6AB-1B87D17D5671}.Release Multithreaded|x86.Build.0 = Release|Win32
		{05630326-2DA8-48A8-A6AB-1B87D17D5671}.Release Singlethreaded|Win32.ActiveCfg = Release|Win32
		{05630326-2DA8-48A8-A6AB-1B87D17D5671}.Release Singlethreaded|Win32.Build.0 = Release|Win32
		{05630326-2DA8-48A8-A6AB-1B87D17D5671}.Release Singlethreaded|x64.ActiveCfg = Debug|x64
		{05630326-2DA8-48A8-A6AB-1B87D17D5671}.Release Singlethreaded|x64.Build.0 = Debug|x64
		{05630326-2DA8-48A8-A6AB-1B87D17D5671}.Release Singlethreaded|x86.ActiveCfg = Release|Win32
		{05630326-2DA8-48A8-A6AB-1B87D17D5671}.Release Singlethreaded|x86.Build.0 = Release|Win32
		{05630326-2DA8-48A8-A6AB-1B87D17D5671}.Release|Win32.ActiveCfg = Release|Win32
		{05630326-2DA8-48A8-A6AB-1B87D17D5671}.Release|Win32.Build.0 = Release|Win32
		{05630326-2DA8-48A8-A6AB-1B87D17D5671}.Release|x64.ActiveCfg = Release|x64
		{05630326-2DA8-48A8-A6AB-1B87D17D5671}.Release|x64.Build.0 = Release|x64
		{05630326-2DA8-48A8-A6AB-1B87D17D5671}.Release|x86.ActiveCfg = Release|Win32
		{05630326-2DA8-48A8-A6AB-1B87D17D5671}.Release|x86.Build.0 = Release|Win32
		{05630326-2DA8-48A8-A6AB-1B87D17D5671}.RelWithDebInfo|Win32.ActiveCfg = Release|Win32
		{05630326-2DA8-48A8-A6AB-1B87D17D5671}.RelWithDebInfo|Win32.Build.0 = Release|Win32
		{05630326-2DA8-48A8-A6AB-1B87D17D5671}.RelWithDebInfo|x64.ActiveCfg = Debug|x64
		{05630326-2DA8-48A8-A6AB-1B87D17D5671}.RelWithDebInfo|x64.Build.0 = Debug|x64
		{05630326-2DA8-48A8-A6AB-1B87D17D5671}.RelWithDebInfo|x86.ActiveCfg = Release|Win32
		{05630326-2DA8-48A8-A6AB-1B87D17D5671}.RelWithDebInfo|x86.Build.0 = Release|Win32
		{A40C2202-46BA-45D1-BD86-08763A1CD5B8}.Debug Multithreaded|Win32.ActiveCfg = Debug|Win32
		{A40C2202-46BA-45D1-BD86-08763A1CD5B8}.Debug Multithreaded|Win32.Build.0 = Debug|Win32
		{A40C2202-46BA-45D1-BD86-08763A1CD5B8}.Debug Multithreaded|x64.ActiveCfg = Debug|x64
		{A40C2202-46BA-45D1-BD86-08763A1CD5B8}.Debug Multithreaded|x64.Build.0 = Debug|x64
		{A40C2202-46BA-45D1-BD86-08763A1CD5B8}.Debug Multithreaded|x86.ActiveCfg = Debug|Win32
		{A40C2202-46BA-45D1-BD86-08763A1CD5B8}.Debug Multithreaded|x86.Build.0 = Debug|Win32
		{A40C2202-46BA-45D1-BD86-08763A1CD5B8}.Debug Singlethreaded|Win32.ActiveCfg = Debug|Win32
		{A40C2202-46BA-45D1-BD86-08763A1CD5B8}.Debug Singlethreaded|Win32.Build.0 = Debug|Win32
		{A40C2202-46BA-45D1-BD86-08763A1CD5B8}.Debug Singlethreaded|x64.ActiveCfg = Debug|x64
		{A40C2202-46BA-45D1-BD86-08763A1CD5B8}.Debug Singlethreaded|x64.Build.0 = Debug|x64
		{A40C2202-46BA-45D1-BD86-08763A1CD5B8}.Debug Singlethreaded|x86.ActiveCfg = Debug|Win32
		{A40C2202-46BA-45D1-BD86-08763A1CD5B8}.Debug Singlethreaded|x86.Build.0 = Debug|Win32
		{A40C2202-46BA-45D1-BD86-08763A1CD5B8}.Debug|Win32.ActiveCfg = Debug|Win32
		{A40C2202-46BA-45D1-BD86-08763A1CD5B8}.Debug|Win32.Build.0 = Debug|Win32
		{A40C2202-46BA-45D1-BD86-08763A1CD5B8}.Debug|x64.ActiveCfg = Debug|x64
		{A40C2202-46BA-45D1-BD86-08763A1CD5B8}.Debug|x64.Build.0 = Debug|x64
		{A40C2202-46BA-45D1-BD86-08763A1CD5B8}.Debug|x86.ActiveCfg = Debug|Win32
		{A40C2202-46BA-45D1-BD86-08763A1CD5B8}.Debug|x86.Build.0 = Debug|Win32
		{A40C2202-46BA-45D1-BD86-08763A1CD5B8}.MinSizeRel|Win32.ActiveCfg = Release|Win32
		{A40C2202-46BA-45D1-BD86-08763A1CD5B8}.MinSizeRel|Win32.Build.0 = Release|Win32
		{A40C2202-46BA-45D1-BD86-08763A1CD5B8}.MinSizeRel|x64.ActiveCfg = Debug|x64
		{A40C2202-46BA-45D1-BD86-08763A1CD5B8}.MinSizeRel|x64.Build.0 = Debug|x64
		{A40C2202-46BA-45D1-BD86-08763A1CD5B8}.MinSizeRel|x86.ActiveCfg = Release|Win32
		{A40C2202-46BA-45D1-BD86-08763A1CD5B8}.MinSizeRel|x86.Build.0 = Release|Win32
		{A40C2202-46BA-45D1-BD86-08763A1CD5B8}.Release Multithreaded|Win32.ActiveCfg = Release|Win32
		{A40C2202-46BA-45D1-BD86-08763A1CD5B8}.Release Multithreaded|Win32.Build.0 = Release|Win32
		{A40C2202-46BA-45D1-BD86-08763A1CD5B8}.Release Multithreaded|x64.ActiveCfg = Debug|x64
		{A40C2202-46BA-45D1-BD86-08763A1CD5B8}.Release Multithreaded|x64.Build.0 = Debug|x64
		{A40C2202-46BA-45D1-BD86-08763A1CD5B8}.Release Multithreaded|x86.ActiveCfg = Release|Win32
		{A40C2202-46BA-45D1-BD86-08763A1CD5B8}.Release Multithreaded|x86.Build.0 = Release|Win32
		{A40C2202-46BA-45D1-BD86-08763A1CD5B8}.Release Singlethreaded|Win32.ActiveCfg = Release|Win32
		{A40C2202-46BA-45D1-BD86-08763A1CD5B8}.Release Singlethreaded|Win32.Build.0 = Release|Win32
		{A40C2202-46BA-45D1-BD86-08763A1CD5B8}.Release Singlethreaded|x64.ActiveCfg = Debug|x64
		{A40C2202-46BA-45D1-BD86-08763A1CD5B8}.Release Singlethreaded|x64.Build.0 = Debug|x64
		{A40C2202-46BA-45D1-BD86-08763A1CD5B8}.Release Singlethreaded|x86.ActiveCfg = Release|Win32
		{A40C2202-46BA-45D1-BD86-08763A1CD5B8}.Release Singlethreaded|x86.Build.0 = Release|Win32
		{A40C2202-46BA-45D1-BD86-08763A1CD5B8}.Release|Win32.ActiveCfg = Release|Win32
		{A40C2202-46BA-45D1-BD86-08763A1CD5B8}.Release|Win32.Build.0 = Release|Win32
		{A40C2202-46BA-45D1-BD86-08763A1CD5B8}.Release|x64.ActiveCfg = Release|x64
		{A40C2202-46BA-45D1-BD86-08763A1CD5B8}.Release|x64.Build.0 = Release|x64
		{A40C2202-46BA-45D1-BD86-08763A1CD5B8}.Release|x86.ActiveCfg = Release|Win32
		{A40C2202-46BA-45D1-BD86-08763A1CD5B8}.Release|x86.Build.0 = Release|Win32
		{A40C2202-46BA-45D1-BD86-08763A1CD5B8}.RelWithDebInfo|Win32.ActiveCfg = Release|Win32
		{A40C2202-46BA-45D1-BD86-08763A1CD5B8}.RelWithDebInfo|Win32.Build.0 = Release|Win32
		{A40C2202-46BA-45D1-BD86-08763A1CD5B8}.RelWithDebInfo|x64.ActiveCfg = Debug|x64
		{A40C2202-46BA-45D1-BD86-08763A1CD5B8}.RelWithDebInfo|x64.Build.0 = Debug|x64
		{A40C2202-46BA-45D1-BD86-08763A1CD5B8}.RelWithDebInfo|x86.ActiveCfg = Release|Win32
		{A40C2202-46BA-45D1-BD86-08763A1CD5B8}.RelWithDebInfo|x86.Build.0 = Release|Win32
		{ED2AA14C-9E7A-49E0-BAA8-CC9909840992}.Debug Multithreaded|Win32.ActiveCfg = Debug|Win32
		{ED2AA14C-9E7A-49E0-BAA8-CC9909840992}.Debug Multithreaded|Win32.Build.0 = Debug|Win32
		{ED2AA14C-9E7A-49E0-BAA8-CC9909840992}.Debug Multithreaded|x64.ActiveCfg = Debug|x64
		{ED2AA14C-9E7A-49E0-BAA8-CC9909840992}.Debug Multithreaded|x64.Build.0 = Debug|x64
		{ED2AA14C-9E7A-49E0-BAA8-CC9909840992}.Debug Multithreaded|x86.ActiveCfg = Debug|Win32
		{ED2AA14C-9E7A-49E0-BAA8-CC9909840992}.Debug Multithreaded|x86.Build.0 = Debug|Win32
		{ED2AA14C-9E7A-49E0-BAA8-CC9909840992}.Debug Singlethreaded|Win32.ActiveCfg = Debug|Win32
		{ED2AA14C-9E7A-49E0-BAA8-CC9909840992}.Debug Singlethreaded|Win32.Build.0 = Debug|Win32
		{ED2AA14C-9E7A-49E0-BAA8-CC9909840992}.Debug Singlethreaded|x64.ActiveCfg = Debug|x64
		{ED2AA14C-9E7A-49E0-BAA8-CC9909840992}.Debug Singlethreaded|x64.Build.0 = Debug|x64
		{ED2AA14C-9E7A-49E0-BAA8-CC9909840992}.Debug Singlethreaded|x86.ActiveCfg = Debug|Win32
		{ED2AA14C-9E7A-49E0-BAA8-CC9909840992}.Debug Singlethreaded|x86.Build.0 = Debug|Win32
		{ED2AA14C-9E7A-49E0-BAA8-CC9909840992}.Debug|Win32.ActiveCfg = Debug|Win32
		{ED2AA14C-9E7A-49E0-BAA8-CC9909840992}.Debug|Win32.Build.0 = Debug|Win32
		{ED2AA14C-9E7A-49E0-BAA8-CC9909840992}.Debug|x64.ActiveCfg = Debug|x64
		{ED2AA14C-9E7A-49E0-BAA8-CC9909840992}.Debug|x64.Build.0 = Debug|x64
		{ED2AA14C-9E7A-49E0-BAA8-CC9909840992}.Debug|x86.ActiveCfg = Debug|Win32
		{ED2AA14C-9E7A-49E0-BAA8-CC9909840992}.Debug|x86.Build.0 = Debug|Win32
		{ED2AA14C-9E7A-49E0-BAA8-CC9909840992}.MinSizeRel|Win32.ActiveCfg = Release|Win32
		{ED2AA14C-9E7A-49E0-BAA8-CC9909840992}.MinSizeRel|Win32.Build.0 = Release|Win32
		{ED2AA14C-9E7A-49E0-BAA8-CC9909840992}.MinSizeRel|x64.ActiveCfg = Debug|x64
		{ED2AA14C-9E7A-49E0-BAA8-CC9909840992}.MinSizeRel|x64.Build.0 = Debug|x64
		{ED2AA14C-9E7A-49E0-BAA8-CC9909840992}.MinSizeRel|x86.ActiveCfg = Release|Win32
		{ED2AA14C-9E7A-49E0-BAA8-CC9909840992}.MinSizeRel|x86.Build.0 = Release|Win32
		{ED2AA14C-9E7A-49E0-BAA8-CC9909840992}.Release Multithreaded|Win32.ActiveCfg = Release|Win32
		{ED2AA14C-9E7A-49E0-BAA8-CC9909840992}.Release Multithreaded|Win32.Build.0 = Release|Win32
		{ED2AA14C-9E7A-49E0-BAA8-CC9909840992}.Release Multithreaded|x64.ActiveCfg = Debug|x64
		{ED2AA14C-9E7A-49E0-BAA8-CC9909840992}.Release Multithreaded|x64.Build.0 = Debug|x64
		{ED2AA14C-9E7A-49E0-BAA8-CC9909840992}.Release Multithreaded|x86.ActiveCfg = Release|Win32
		{ED2AA14C-9E7A-49E0-BAA8-CC9909840992}.Release Multithreaded|x86.Build.0 = Release|Win32
		{ED2AA14C-9E7A-49E0-BAA8-CC9909840992}.Release Singlethreaded|Win32.ActiveCfg = Release|Win32
		{ED2AA14C-9E7A-49E0-BAA8-CC9909840992}.Release Singlethreaded|Win32.Build.0 = Release|Win32
		{ED2AA14C-9E7A-49E0-BAA8-CC9909840992}.Release Singlethreaded|x64.ActiveCfg = Debug|x64
		{ED2AA14C-9E7A-49E0-BAA8-CC9909840992}.Release Singlethreaded|x64.Build.0 = Debug|x64
		{ED2AA14C-9E7A-49E0-BAA8-CC9909840992}.Release Singlethreaded|x86.ActiveCfg = Release|Win32
		{ED2AA14C-9E7A-49E0-BAA8-CC9909840992}.Release Singlethreaded|x86.Build.0 = Release|Win32
		{ED2AA14C-9E7A-49E0-BAA8-CC9909840992}.Release|Win32.ActiveCfg = Release|Win32
		{ED2AA14C-9E7A-49E0-BAA8-CC9909840992}.Release|Win32.Build.0 = Release|Win32
		{ED2AA14C-9E7A-49E0-BAA8-CC9909840992}.Release|x64.ActiveCfg = Release|x64
		{ED2AA14C-9E7A-49E0-BAA8-CC9909840992}.Release|x64.Build.0 = Release|x64
		{ED2AA14C-9E7A-49E0-BAA8-CC9909840992}.Release|x86.ActiveCfg = Release|Win32
		{ED2AA14C-9E7A-49E0-BAA8-CC9909840992}.Release|x86.Build.0 = Release|Win32
		{ED2AA14C-9E7A-49E0-BAA8-CC9909840992}.RelWithDebInfo|Win32.ActiveCfg = Release|Win32
		{ED2AA14C-9E7A-49E0-BAA8-CC9909840992}.RelWithDebInfo|Win32.Build.0 = Release|Win32
		{ED2AA14C-9E7A-49E0-BAA8-CC9909840992}.RelWithDebInfo|x64.ActiveCfg = Debug|x64
		{ED2AA14C-9E7A-49E0-BAA8-CC9909840992}.RelWithDebInfo|x64.Build.0 = Debug|x64
		{ED2AA14C-9E7A-49E0-BAA8-CC9909840992}.RelWithDebInfo|x86.ActiveCfg = Release|Win32
		{ED2AA14C-9E7A-49E0-BAA8-CC9909840992}.RelWithDebInfo|x86.Build.0 = Release|Win32
		{03778D7E-8A09-4E14-BBAD-00E76FB09162}.Debug Multithreaded|Win32.ActiveCfg = Debug|Win32
		{03778D7E-8A09-4E14-BBAD-00E76FB09162}.Debug Multithreaded|Win32.Build.0 = Debug|Win32
		{03778D7E-8A09-4E14-BBAD-00E76FB09162}.Debug Multithreaded|x64.ActiveCfg = Debug|x64
		{03778D7E-8A09-4E14-BBAD-00E76FB09162}.Debug Multithreaded|x64.Build.0 = Debug|x64
		{03778D7E-8A09-4E14-BBAD-00E76FB09162}.Debug Multithreaded|x86.ActiveCfg = Debug|Win32
		{03778D7E-8A09-4E14-BBAD-00E76FB09162}.Debug Multithreaded|x86.Build.0 = Debug|Win32
		{03778D7E-8A09-4E14-BBAD-00E76FB09162}.Debug Singlethreaded|Win32.ActiveCfg = Debug|Win32
		{03778D7E-8A09-4E14-BBAD-00E76FB09162}.Debug Singlethreaded|Win32.Build.0 = Debug|Win32
		{03778D7E-8A09-4E14-BBAD-00E76FB09162}.Debug Singlethreaded|x64.ActiveCfg = Debug|x64
		{03778D7E-8A09-4E14-BBAD-00E76FB09162}.Debug Singlethreaded|x64.Build.0 = Debug|x64
		{03778D7E-8A09-4E14-BBAD-00E76FB09162}.Debug Singlethreaded|x86.ActiveCfg = Debug|Win32
		{03778D7E-8A09-4E14-BBAD-00E76FB09162}.Debug Singlethreaded|x86.Build.0 = Debug|Win32
		{03778D7E-8A09-4E14-BBAD-00E76FB09162}.Debug|Win32.ActiveCfg = Debug|Win32
		{03778D7E-8A09-4E14-BBAD-00E76FB09162}.Debug|Win32.Build.0 = Debug|Win32
		{03778D7E-8A09-4E14-BBAD-00E76FB09162}.Debug|x64.ActiveCfg = Debug|x64
		{03778D7E-8A09-4E14-BBAD-00E76FB09162}.Debug|x64.Build.0 = Debug|x64
		{03778D7E-8A09-4E14-BBAD-00E76FB09162}.Debug|x86.ActiveCfg = Debug|Win32
		{03778D7E-8A09-4E14-BBAD-00E76FB09162}.Debug|x86.Build.0 = Debug|Win32
		{03778D7E-8A09-4E14-BBAD-00E76FB09162}.MinSizeRel|Win32.ActiveCfg = Release|Win32
		{03778D7E-8A09-4E14-BBAD-00E76FB09162}.MinSizeRel|Win32.Build.0 = Release|Win32
		{03778D7E-8A09-4E14-BBAD-00E76FB09162}.MinSizeRel|x64.ActiveCfg = Debug|x64
		{03778D7E-8A09-4E14-BBAD-00E76FB09162}.MinSizeRel|x64.Build.0 = Debug|x64
		{03778D7E-8A09-4E14-BBAD-00E76FB09162}.MinSizeRel|x86.ActiveCfg = Release|Win32
		{03778D7E-8A09-4E14-BBAD-00E76FB09162}.MinSizeRel|x86.Build.0 = Release|Win32
		{03778D7E-8A09-4E14-BBAD-00E76FB09162}.Release Multithreaded|Win32.ActiveCfg = Release|Win32
		{03778D7E-8A09-4E14-BBAD-00E76FB09162}.Release Multithreaded|Win32.Build.0 = Release|Win32
		{03778D7E-8A09-4E14-BBAD-00E76FB09162}.Release Multithreaded|x64.ActiveCfg = Debug|x64
		{03778D7E-8A09-4E14-BBAD-00E76FB09162}.Release Multithreaded|x64.Build.0 = Debug|x64
		{03778D7E-8A09-4E14-BBAD-00E76FB09162}.Release Multithreaded|x86.ActiveCfg = Release|Win32
		{03778D7E-8A09-4E14-BBAD-00E76FB09162}.Release Multithreaded|x86.Build.0 = Release|Win32
		{03778D7E-8A09-4E14-BBAD-00E76FB09162}.Release Singlethreaded|Win32.ActiveCfg = Release|Win32
		{03778D7E-8A09-4E14-BBAD-00E76FB09162}.Release Singlethreaded|Win32.Build.0 = Release|Win32
		{03778D7E-8A09-4E14-BBAD-00E76FB09162}.Release Singlethreaded|x64.ActiveCfg = Debug|x64
		{03778D7E-8A09-4E14-BBAD-00E76FB09162}.Release Singlethreaded|x64.Build.0 = Debug|x64
		{03778D7E-8A09-4E14-BBAD-00E76FB09162}.Release Singlethreaded|x86.ActiveCfg = Release|Win32
		{03778D7E-8A09-4E14-BBAD-00E76FB09162}.Release Singlethreaded|x86.Build.0 = Release|Win32
		{03778D7E-8A09-4E14-BBAD-00E76FB09162}.Release|Win32.ActiveCfg = Release|Win32
		{03778D7E-8A09-4E14-BBAD-00E76FB09162}.Release|Win32.Build.0 = Release|Win32
		{03778D7E-8A09-4E14-BBAD-00E76FB09162}.Release|x64.ActiveCfg = Release|x64
		{03778D7E-8A09-4E14-BBAD-00E76FB09162}.Release|x64.Build.0 = Release|x64
		{03778D7E-8A09-4E14-BBAD-00E76FB09162}.Release|x86.ActiveCfg = Release|Win32
		{03778D7E-8A09-4E14-BBAD-00E76FB09162}.Release|x86.Build.0 = Release|Win32
		{03778D7E-8A09-4E14-BBAD-00E76FB09162}.RelWithDebInfo|Win32.ActiveCfg = Release|Win32
		{03778D7E-8A09-4E14-BBAD-00E76FB09162}.RelWithDebInfo|Win32.Build.0 = Release|Win32
		{03778D7E-8A09-4E14-BBAD-00E76FB09162}.RelWithDebInfo|x64.ActiveCfg = Debug|x64
		{03778D7E-8A09-4E14-BBAD-00E76FB09162}.RelWithDebInfo|x64.Build.0 = Debug|x64
		{03778D7E-8A09-4E14-BBAD-00E76FB09162}.RelWithDebInfo|x86.ActiveCfg = Release|Win32
		{03778D7E-8A09-4E14-BBAD-00E76FB09162}.RelWithDebInfo|x86.Build.0 = Release|Win32
		{7F8BCFA2-6756-4816-ACB3-85464839C9F4}.Debug Multithreaded|Win32.ActiveCfg = Debug|Win32
		{7F8BCFA2-6756-4816-ACB3-85464839C9F4}.Debug Multithreaded|Win32.Build.0 = Debug|Win32
		{7F8BCFA2-6756-4816-ACB3-85464839C9F4}.Debug Multithreaded|x64.ActiveCfg = Debug|x64
		{7F8BCFA2-6756-4816-ACB3-85464839C9F4}.Debug Multithreaded|x64.Build.0 = Debug|x64
		{7F8BCFA2-6756-4816-ACB3-85464839C9F4}.Debug Multithreaded|x86.ActiveCfg = Debug|Win32
		{7F8BCFA2-6756-4816-ACB3-85464839C9F4}.Debug Multithreaded|x86.Build.0 = Debug|Win32
		{7F8BCFA2-6756-4816-ACB3-85464839C9F4}.Debug Singlethreaded|Win32.ActiveCfg = Debug|Win32
		{7F8BCFA2-6756-4816-ACB3-85464839C9F4}.Debug Singlethreaded|Win32.Build.0 = Debug|Win32
		{7F8BCFA2-6756-4816-ACB3-85464839C9F4}.Debug Singlethreaded|x64.ActiveCfg = Debug|x64
		{7F8BCFA2-6756-4816-ACB3-85464839C9F4}.Debug Singlethreaded|x64.Build.0 = Debug|x64
		{7F8BCFA2-6756-4816-ACB3-85464839C9F4}.Debug Singlethreaded|x86.ActiveCfg = Debug|Win32
		{7F8BCFA2-6756-4816-ACB3-85464839C9F4}.Debug Singlethreaded|x86.Build.0 = Debug|Win32
		{7F8BCFA2-6756-4816-ACB3-85464839C9F4}.Debug|Win32.ActiveCfg = Debug|Win32
		{7F8BCFA2-6756-4816-ACB3-85464839C9F4}.Debug|Win32.Build.0 = Debug|Win32
		{7F8BCFA2-6756-4816-ACB3-85464839C9F4}.Debug|x64.ActiveCfg = Debug|x64
		{7F8BCFA2-6756-4816-ACB3-85464839C9F4}.Debug|x64.Build.0 = Debug|x64
		{7F8BCFA2-6756-4816-ACB3-85464839C9F4}.Debug|x86.ActiveCfg = Debug|Win32
		{7F8BCFA2-6756-4816-ACB3-85464839C9F4}.Debug|x86.Build.0 = Debug|Win32
		{7F8BCFA2-6756-4816-ACB3-85464839C9F4}.MinSizeRel|Win32.ActiveCfg = Release|Win32
		{7F8BCFA2-6756-4816-ACB3-85464839C9F4}.MinSizeRel|Win32.Build.0 = Release|Win32
		{7F8BCFA2-6756-4816-ACB3-85464839C9F4}.MinSizeRel|x64.ActiveCfg = Debug|x64
		{7F8BCFA2-6756-4816-ACB3-85464839C9F4}.MinSizeRel|x64.Build.0 = Debug|x64
		{7F8BCFA2-6756-4816-ACB3-85464839C9F4}.MinSizeRel|x86.ActiveCfg = Release|Win32
		{7F8BCFA2-6756-4816-ACB3-85464839C9F4}.MinSizeRel|x86.Build.0 = Release|Win32
		{7F8BCFA2-6756-4816-ACB3-85464839C9F4}.Release Multithreaded|Win32.ActiveCfg = Release|Win32
		{7F8BCFA2-6756-4816-ACB3-85464839C9F4}.Release Multithreaded|Win32.Build.0 = Release|Win32
		{7F8BCFA2-6756-4816-ACB3-85464839C9F4}.Release Multithreaded|x64.ActiveCfg = Debug|x64
		{7F8BCFA2-6756-4816-ACB3-85464839C9F4}.Release Multithreaded|x64.Build.0 = Debug|x64
		{7F8BCFA2-6756-4816-ACB3-85464839C9F4}.Release Multithreaded|x86.ActiveCfg = Release|Win32
		{7F8BCFA2-6756-4816-ACB3-85464839C9F4}.Release Multithreaded|x86.Build.0 = Release|Win32
		{7F8BCFA2-6756-4816-ACB3-85464839C9F4}.Release Singlethreaded|Win32.ActiveCfg = Release|Win32
		{7F8BCFA2-6756-4816-ACB3-85464839C9F4}.Release Singlethreaded|Win32.Build.0 = Release|Win32
		{7F8BCFA2-6756-4816-ACB3-85464839C9F4}.Release Singlethreaded|x64.ActiveCfg = Debug|x64
		{7F8BCFA2-6756-4816-ACB3-85464839C9F4}.Release Singlethreaded|x64.Build.0 = Debug|x64
		{7F8BCFA2-6756-4816-ACB3-85464839C9F4}.Release Singlethreaded|x86.ActiveCfg = Release|Win32
		{7F8BCFA2-6756-4816-ACB3-85464839C9F4}.Release Singlethreaded|x86.Build.0 = Release|Win32
		{7F8BCFA2-6756-4816-ACB3-85464839C9F4}.Release|Win32.ActiveCfg = Release|Win32
		{7F8BCFA2-6756-4816-ACB3-85464839C9F4}.Release|Win32.Build.0 = Release|Win32
		{7F8BCFA2-6756-4816-ACB3-85464839C9F4}.Release|x64.ActiveCfg = Release|x64
		{7F8BCFA2-6756-4816-ACB3-85464839C9F4}.Release|x64.Build.0 = Release|x64
		{7F8BCFA2-6756-4816-ACB3-85464839C9F4}.Release|x86.ActiveCfg = Release|Win32
		{7F8BCFA2-6756-4816-ACB3-85464839C9F4}.Release|x86.Build.0 = Release|Win32
		{7F8BCFA2-6756-4816-ACB3-85464839C9F4}.RelWithDebInfo|Win32.ActiveCfg = Release|Win32
		{7F8BCFA2-6756-4816-ACB3-85464839C9F4}.RelWithDebInfo|Win32.Build.0 = Release|Win32
		{7F8BCFA2-6756-4816-ACB3-85464839C9F4}.RelWithDebInfo|x64.ActiveCfg = Debug|x64
		{7F8BCFA2-6756-4816-ACB3-85464839C9F4}.RelWithDebInfo|x64.Build.0 = Debug|x64
		{7F8BCFA2-6756-4816-ACB3-85464839C9F4}.RelWithDebInfo|x86.ActiveCfg = Release|Win32
		{7F8BCFA2-6756-4816-ACB3-85464839C9F4}.RelWithDebInfo|x86.Build.0 = Release|Win32
		{F4A933C5-146E-40B6-A0CE-CE2FF52D4C2F}.Debug Multithreaded|Win32.ActiveCfg = Debug|Win32
		{F4A933C5-146E-40B6-A0CE-CE2FF52D4C2F}.Debug Multithreaded|Win32.Build.0 = Debug|Win32
		{F4A933C5-146E-40B6-A0CE-CE2FF52D4C2F}.Debug Multithreaded|x64.ActiveCfg = Debug|x64
		{F4A933C5-146E-40B6-A0CE-CE2FF52D4C2F}.Debug Multithreaded|x64.Build.0 = Debug|x64
		{F4A933C5-146E-40B6-A0CE-CE2FF52D4C2F}.Debug Multithreaded|x86.ActiveCfg = Debug|Win32
		{F4A933C5-146E-40B6-A0CE-CE2FF52D4C2F}.Debug Multithreaded|x86.Build.0 = Debug|Win32
		{F4A933C5-146E-40B6-A0CE-CE2FF52D4C2F}.Debug Singlethreaded|Win32.ActiveCfg = Debug|Win32
		{F4A933C5-146E-40B6-A0CE-CE2FF52D4C2F}.Debug Singlethreaded|Win32.Build.0 = Debug|Win32
		{F4A933C5-146E-40B6-A0CE-CE2FF52D4C2F}.Debug Singlethreaded|x64.ActiveCfg = Debug|x64
		{F4A933C5-146E-40B6-A0CE-CE2FF52D4C2F}.Debug Singlethreaded|x64.Build.0 = Debug|x64
		{F4A933C5-146E-40B6-A0CE-CE2FF52D4C2F}.Debug Singlethreaded|x86.ActiveCfg = Debug|Win32
		{F4A933C5-146E-40B6-A0CE-CE2FF52D4C2F}.Debug Singlethreaded|x86.Build.0 = Debug|Win32
		{F4A933C5-146E-40B6-A0CE-CE2FF52D4C2F}.Debug|Win32.ActiveCfg = Debug|Win32
		{F4A933C5-146E-40B6-A0CE-CE2FF52D4C2F}.Debug|Win32.Build.0 = Debug|Win32
		{F4A933C5-146E-40B6-A0CE-CE2FF52D4C2F}.Debug|x64.ActiveCfg = Debug|x64
		{F4A933C5-146E-40B6-A0CE-CE2FF52D4C2F}.Debug|x64.Build.0 = Debug|x64
		{F4A933C5-146E-40B6-A0CE-CE2FF52D4C2F}.Debug|x86.ActiveCfg = Debug|Win32
		{F4A933C5-146E-40B6-A0CE-CE2FF52D4C2F}.Debug|x86.Build.0 = Debug|Win32
		{F4A933C5-146E-40B6-A0CE-CE2FF52D4C2F}.MinSizeRel|Win32.ActiveCfg = Release|Win32
		{F4A933C5-146E-40B6-A0CE-CE2FF52D4C2F}.MinSizeRel|Win32.Build.0 = Release|Win32
		{F4A933C5-146E-40B6-A0CE-CE2FF52D4C2F}.MinSizeRel|x64.ActiveCfg = Debug|x64
		{F4A933C5-146E-40B6-A0CE-CE2FF52D4C2F}.MinSizeRel|x64.Build.0 = Debug|x64
		{F4A933C5-146E-40B6-A0CE-CE2FF52D4C2F}.MinSizeRel|x86.ActiveCfg = Release|Win32
		{F4A933C5-146E-40B6-A0CE-CE2FF52D4C2F}.MinSizeRel|x86.Build.0 = Release|Win32
		{F4A933C5-146E-40B6-A0CE-CE2FF52D4C2F}.Release Multithreaded|Win32.ActiveCfg = Release|Win32
		{F4A933C5-146E-40B6-A0CE-CE2FF52D4C2F}.Release Multithreaded|Win32.Build.0 = Release|Win32
		{F4A933C5-146E-40B6-A0CE-CE2FF52D4C2F}.Release Multithreaded|x64.ActiveCfg = Debug|x64
		{F4A933C5-146E-40B6-A0CE-CE2FF52D4C2F}.Release Multithreaded|x64.Build.0 = Debug|x64
		{F4A933C5-146E-40B6-A0CE-CE2FF52D4C2F}.Release Multithreaded|x86.ActiveCfg = Release|Win32
		{F4A933C5-146E-40B6-A0CE-CE2FF52D4C2F}.Release Multithreaded|x86.Build.0 = Release|Win32
		{F4A933C5-146E-40B6-A0CE-CE2FF52D4C2F}.Release Singlethreaded|Win32.ActiveCfg = Release|Win32
		{F4A933C5-146E-40B6-A0CE-CE2FF52D4C2F}.Release Singlethreaded|Win32.Build.0 = Release|Win32
		{F4A933C5-146E-40B6-A0CE-CE2FF52D4C2F}.Release Singlethreaded|x64.ActiveCfg = Debug|x64
		{F4A933C5-146E-40B6-A0CE-CE2FF52D4C2F}.Release Singlethreaded|x64.Build.0 = Debug|x64
		{F4A933C5-146E-40B6-A0CE-CE2FF52D4C2F}.Release Singlethreaded|x86.ActiveCfg = Release|Win32
		{F4A933C5-146E-40B6-A0CE-CE2FF52D4C2F}.Release Singlethreaded|x86.Build.0 = Release|Win32
		{F4A933C5-146E-40B6-A0CE-CE2FF52D4C2F}.Release|Win32.ActiveCfg = Release|Win32
		{F4A933C5-146E-40B6-A0CE-CE2FF52D4C2F}.Release|Win32.Build.0 = Release|Win32
		{F4A933C5-146E-40B6-A0CE-CE2FF52D4C2F}.Release|x64.ActiveCfg = Release|x64
		{F4A933C5-146E-40B6-A0CE-CE2FF52D4C2F}.Release|x64.Build.0 = Release|x64
		{F4A933C5-146E-40B6-A0CE-CE2FF52D4C2F}.Release|x86.ActiveCfg = Release|Win32
		{F4A933C5-146E-40B6-A0CE-CE2FF52D4C2F}.Release|x86.Build.0 = Release|Win32
		{F4A933C5-146E-40B6-A0CE-CE2FF52D4C2F}.RelWithDebInfo|Win32.ActiveCfg = Release|Win32
		{F4A933C5-146E-40B6-A0CE-CE2FF52D4C2F}.RelWithDebInfo|Win32.Build.0 = Release|Win32
		{F4A933C5-146E-40B6-A0CE-CE2FF52D4C2F}.RelWithDebInfo|x64.ActiveCfg = Debug|x64
		{F4A933C5-146E-40B6-A0CE-CE2FF52D4C2F}.RelWithDebInfo|x64.Build.0 = Debug|x64
		{F4A933C5-146E-40B6-A0CE-CE2FF52D4C2F}.RelWithDebInfo|x86.ActiveCfg = Release|Win32
		{F4A933C5-146E-40B6-A0CE-CE2FF52D4C2F}.RelWithDebInfo|x86.Build.0 = Release|Win32
		{4340B408-D2C7-4901-A0A5-3F116F0758F9}.Debug Multithreaded|Win32.ActiveCfg = Debug|Win32
		{4340B408-D2C7-4901-A0A5-3F116F0758F9}.Debug Multithreaded|Win32.Build.0 = Debug|Win32
		{4340B408-D2C7-4901-A0A5-3F116F0758F9}.Debug Multithreaded|x64.ActiveCfg = Debug|x64
		{4340B408-D2C7-4901-A0A5-3F116F0758F9}.Debug Multithreaded|x64.Build.0 = Debug|x64
		{4340B408-D2C7-4901-A0A5-3F116F0758F9}.Debug Multithreaded|x86.ActiveCfg = Debug|Win32
		{4340B408-D2C7-4901-A0A5-3F116F0758F9}.Debug Multithreaded|x86.Build.0 = Debug|Win32
		{4340B408-D2C7-4901-A0A5-3F116F0758F9}.Debug Singlethreaded|Win32.ActiveCfg = Debug|Win32
		{4340B408-D2C7-4901-A0A5-3F116F0758F9}.Debug Singlethreaded|Win32.Build.0 = Debug|Win32
		{4340B408-D2C7-4901-A0A5-3F116F0758F9}.Debug Singlethreaded|x64.ActiveCfg = Debug|x64
		{4340B408-D2C7-4901-A0A5-3F116F0758F9}.Debug Singlethreaded|x64.Build.0 = Debug|x64
		{4340B408-D2C7-4901-A0A5-3F116F0758F9}.Debug Singlethreaded|x86.ActiveCfg = Debug|Win32
		{4340B408-D2C7-4901-A0A5-3F116F0758F9}.Debug Singlethreaded|x86.Build.0 = Debug|Win32
		{4340B408-D2C7-4901-A0A5-3F116F0758F9}.Debug|Win32.ActiveCfg = Debug|Win32
		{4340B408-D2C7-4901-A0A5-3F116F0758F9}.Debug|Win32.Build.0 = Debug|Win32
		{4340B408-D2C7-4901-A0A5-3F116F0758F9}.Debug|x64.ActiveCfg = Debug|x64
		{4340B408-D2C7-4901-A0A5-3F116F0758F9}.Debug|x64.Build.0 = Debug|x64
		{4340B408-D2C7-4901-A0A5-3F116F0758F9}.Debug|x86.ActiveCfg = Debug|Win32
		{4340B408-D2C7-4901-A0A5-3F116F0758F9}.Debug|x86.Build.0 = Debug|Win32
		{4340B408-D2C7-4901-A0A5-3F116F0758F9}.MinSizeRel|Win32.ActiveCfg = Release|Win32
		{4340B408-D2C7-4901-A0A5-3F116F0758F9}.MinSizeRel|Win32.Build.0 = Release|Win32
		{4340B408-D2C7-4901-A0A5-3F116F0758F9}.MinSizeRel|x64.ActiveCfg = Debug|x64
		{4340B408-D2C7-4901-A0A5-3F116F0758F9}.MinSizeRel|x64.Build.0 = Debug|x64
		{4340B408-D2C7-4901-A0A5-3F116F0758F9}.MinSizeRel|x86.ActiveCfg = Release|Win32
		{4340B408-D2C7-4901-A0A5-3F116F0758F9}.MinSizeRel|x86.Build.0 = Release|Win32
		{4340B408-D2C7-4901-A0A5-3F116F0758F9}.Release Multithreaded|Win32.ActiveCfg = Release|Win32
		{4340B408-D2C7-4901-A0A5-3F116F0758F9}.Release Multithreaded|Win32.Build.0 = Release|Win32
		{4340B408-D2C7-4901-A0A5-3F116F0758F9}.Release Multithreaded|x64.ActiveCfg = Debug|x64
		{4340B408-D2C7-4901-A0A5-3F116F0758F9}.Release Multithreaded|x64.Build.0 = Debug|x64
		{4340B408-D2C7-4901-A0A5-3F116F0758F9}.Release Multithreaded|x86.ActiveCfg = Release|Win32
		{4340B408-D2C7-4901-A0A5-3F116F0758F9}.Release Multithreaded|x86.Build.0 = Release|Win32
		{4340B408-D2C7-4901-A0A5-3F116F0758F9}.Release Singlethreaded|Win32.ActiveCfg = Release|Win32
		{4340B408-D2C7-4901-A0A5-3F116F0758F9}.Release Singlethreaded|Win32.Build.0 = Release|Win32
		{4340B408-D2C7-4901-A0A5-3F116F0758F9}.Release Singlethreaded|x64.ActiveCfg = Debug|x64
		{4340B408-D2C7-4901-A0A5-3F116F0758F9}.Release Singlethreaded|x64.Build.0 = Debug|x64
		{4340B408-D2C7-4901-A0A5-3F116F0758F9}.Release Singlethreaded|x86.ActiveCfg = Release|Win32
		{4340B408-D2C7-4901-A0A5-3F116F0758F9}.Release Singlethreaded|x86.Build.0 = Release|Win32
		{4340B408-D2C7-4901-A0A5-3F116F0758F9}.Release|Win32.ActiveCfg = Release|Win32
		{4340B408-D2C7-4901-A0A5-3F116F0758F9}.Release|Win32.Build.0 = Release|Win32
		{4340B408-D2C7-4901-A0A5-3F116F0758F9}.Release|x64.ActiveCfg = Release|x64
		{4340B408-D2C7-4901-A0A5-3F116F0758F9}.Release|x64.Build.0 = Release|x64
		{4340B408-D2C7-4901-A0A5-3F116F0758F9}.Release|x86.ActiveCfg = Release|Win32
		{4340B408-D2C7-4901-A0A5-3F116F0758F9}.Release|x86.Build.0 = Release|Win32
		{4340B408-D2C7-4901-A0A5-3F116F0758F9}.RelWithDebInfo|Win32.ActiveCfg = Release|Win32
		{4340B408-D2C7-4901-A0A5-3F116F0758F9}.RelWithDebInfo|Win32.Build.0 = Release|Win32
		{4340B408-D2C7-4901-A0A5-3F116F0758F9}.RelWithDebInfo|x64.ActiveCfg = Debug|x64
		{4340B408-D2C7-4901-A0A5-3F116F0758F9}.RelWithDebInfo|x64.Build.0 = Debug|x64
		{4340B408-D2C7-4901-A0A5-3F116F0758F9}.RelWithDebInfo|x86.ActiveCfg = Release|Win32
		{4340B408-D2C7-4901-A0A5-3F116F0758F9}.RelWithDebInfo|x86.Build.0 = Release|Win32
		{AE0169FF-BA6E-43A2-A3E6-02977543D6DF}.Debug Multithreaded|Win32.ActiveCfg = Debug|Win32
		{AE0169FF-BA6E-43A2-A3E6-02977543D6DF}.Debug Multithreaded|Win32.Build.0 = Debug|Win32
		{AE0169FF-BA6E-43A2-A3E6-02977543D6DF}.Debug Multithreaded|x64.ActiveCfg = Debug|x64
		{AE0169FF-BA6E-43A2-A3E6-02977543D6DF}.Debug Multithreaded|x64.Build.0 = Debug|x64
		{AE0169FF-BA6E-43A2-A3E6-02977543D6DF}.Debug Multithreaded|x86.ActiveCfg = Debug|Win32
		{AE0169FF-BA6E-43A2-A3E6-02977543D6DF}.Debug Multithreaded|x86.Build.0 = Debug|Win32
		{AE0169FF-BA6E-43A2-A3E6-02977543D6DF}.Debug Singlethreaded|Win32.ActiveCfg = Debug|Win32
		{AE0169FF-BA6E-43A2-A3E6-02977543D6DF}.Debug Singlethreaded|Win32.Build.0 = Debug|Win32
		{AE0169FF-BA6E-43A2-A3E6-02977543D6DF}.Debug Singlethreaded|x64.ActiveCfg = Debug|x64
		{AE0169FF-BA6E-43A2-A3E6-02977543D6DF}.Debug Singlethreaded|x64.Build.0 = Debug|x64
		{AE0169FF-BA6E-43A2-A3E6-02977543D6DF}.Debug Singlethreaded|x86.ActiveCfg = Debug|Win32
		{AE0169FF-BA6E-43A2-A3E6-02977543D6DF}.Debug Singlethreaded|x86.Build.0 = Debug|Win32
		{AE0169FF-BA6E-43A2-A3E6-02977543D6DF}.Debug|Win32.ActiveCfg = Debug|Win32
		{AE0169FF-BA6E-43A2-A3E6-02977543D6DF}.Debug|Win32.Build.0 = Debug|Win32
		{AE0169FF-BA6E-43A2-A3E6-02977543D6DF}.Debug|x64.ActiveCfg = Debug|x64
		{AE0169FF-BA6E-43A2-A3E6-02977543D6DF}.Debug|x64.Build.0 = Debug|x64
		{AE0169FF-BA6E-43A2-A3E6-02977543D6DF}.Debug|x86.ActiveCfg = Debug|Win32
		{AE0169FF-BA6E-43A2-A3E6-02977543D6DF}.Debug|x86.Build.0 = Debug|Win32
		{AE0169FF-BA6E-43A2-A3E6-02977543D6DF}.MinSizeRel|Win32.ActiveCfg = Release|Win32
		{AE0169FF-BA6E-43A2-A3E6-02977543D6DF}.MinSizeRel|Win32.Build.0 = Release|Win32
		{AE0169FF-BA6E-43A2-A3E6-02977543D6DF}.MinSizeRel|x64.ActiveCfg = Debug|x64
		{AE0169FF-BA6E-43A2-A3E6-02977543D6DF}.MinSizeRel|x64.Build.0 = Debug|x64
		{AE0169FF-BA6E-43A2-A3E6-02977543D6DF}.MinSizeRel|x86.ActiveCfg = Release|Win32
		{AE0169FF-BA6E-43A2-A3E6-02977543D6DF}.MinSizeRel|x86.Build.0 = Release|Win32
		{AE0169FF-BA6E-43A2-A3E6-02977543D6DF}.Release Multithreaded|Win32.ActiveCfg = Release|Win32
		{AE0169FF-BA6E-43A2-A3E6-02977543D6DF}.Release Multithreaded|Win32.Build.0 = Release|Win32
		{AE0169FF-BA6E-43A2-A3E6-02977543D6DF}.Release Multithreaded|x64.ActiveCfg = Debug|x64
		{AE0169FF-BA6E-43A2-A3E6-02977543D6DF}.Release Multithreaded|x64.Build.0 = Debug|x64
		{AE0169FF-BA6E-43A2-A3E6-02977543D6DF}.Release Multithreaded|x86.ActiveCfg = Release|Win32
		{AE0169FF-BA6E-43A2-A3E6-02977543D6DF}.Release Multithreaded|x86.Build.0 = Release|Win32
		{AE0169FF-BA6E-43A2-A3E6-02977543D6DF}.Release Singlethreaded|Win32.ActiveCfg = Release|Win32
		{AE0169FF-BA6E-43A2-A3E6-02977543D6DF}.Release Singlethreaded|Win32.Build.0 = Release|Win32
		{AE0169FF-BA6E-43A2-A3E6-02977543D6DF}.Release Singlethreaded|x64.ActiveCfg = Debug|x64
		{AE0169FF-BA6E-43A2-A3E6-02977543D6DF}.Release Singlethreaded|x64.Build.0 = Debug|x64
		{AE0169FF-BA6E-43A2-A3E6-02977543D6DF}.Release Singlethreaded|x86.ActiveCfg = Release|Win32
		{AE0169FF-BA6E-43A2-A3E6-02977543D6DF}.Release Singlethreaded|x86.Build.0 = Release|Win32
		{AE0169FF-BA6E-43A2-A3E6-02977543D6DF}.Release|Win32.ActiveCfg = Release|Win32
		{AE0169FF-BA6E-43A2-A3E6-02977543D6DF}.Release|Win32.Build.0 = Release|Win32
		{AE0169FF-BA6E-43A2-A3E6-02977543D6DF}.Release|x64.ActiveCfg = Release|x64
		{AE0169FF-BA6E-43A2-A3E6-02977543D6DF}.Release|x64.Build.0 = Release|x64
		{AE0169FF-BA6E-43A2-A3E6-02977543D6DF}.Release|x86.ActiveCfg = Release|Win32
		{AE0169FF-BA6E-43A2-A3E6-02977543D6DF}.Release|x86.Build.0 = Release|Win32
		{AE0169FF-BA6E-43A2-A3E6-02977543D6DF}.RelWithDebInfo|Win32.ActiveCfg = Release|Win32
		{AE0169FF-BA6E-43A2-A3E6-02977543D6DF}.RelWithDebInfo|Win32.Build.0 = Release|Win32
		{AE0169FF-BA6E-43A2-A3E6-02977543D6DF}.RelWithDebInfo|x64.ActiveCfg = Debug|x64
		{AE0169FF-BA6E-43A2-A3E6-02977543D6DF}.RelWithDebInfo|x64.Build.0 = Debug|x64
		{AE0169FF-BA6E-43A2-A3E6-02977543D6DF}.RelWithDebInfo|x86.ActiveCfg = Release|Win32
		{AE0169FF-BA6E-43A2-A3E6-02977543D6DF}.RelWithDebInfo|x86.Build.0 = Release|Win32
		{6E08845D-A86A-40FE-8D32-2367B54FE85C}.Debug Multithreaded|Win32.ActiveCfg = Debug|Win32
		{6E08845D-A86A-40FE-8D32-2367B54FE85C}.Debug Multithreaded|Win32.Build.0 = Debug|Win32
		{6E08845D-A86A-40FE-8D32-2367B54FE85C}.Debug Multithreaded|x64.ActiveCfg = Debug|x64
		{6E08845D-A86A-40FE-8D32-2367B54FE85C}.Debug Multithreaded|x64.Build.0 = Debug|x64
		{6E08845D-A86A-40FE-8D32-2367B54FE85C}.Debug Multithreaded|x86.ActiveCfg = Debug|Win32
		{6E08845D-A86A-40FE-8D32-2367B54FE85C}.Debug Multithreaded|x86.Build.0 = Debug|Win32
		{6E08845D-A86A-40FE-8D32-2367B54FE85C}.Debug Singlethreaded|Win32.ActiveCfg = Debug|Win32
		{6E08845D-A86A-40FE-8D32-2367B54FE85C}.Debug Singlethreaded|Win32.Build.0 = Debug|Win32
		{6E08845D-A86A-40FE-8D32-2367B54FE85C}.Debug Singlethreaded|x64.ActiveCfg = Debug|x64
		{6E08845D-A86A-40FE-8D32-2367B54FE85C}.Debug Singlethreaded|x64.Build.0 = Debug|x64
		{6E08845D-A86A-40FE-8D32-2367B54FE85C}.Debug Singlethreaded|x86.ActiveCfg = Debug|Win32
		{6E08845D-A86A-40FE-8D32-2367B54FE85C}.Debug Singlethreaded|x86.Build.0 = Debug|Win32
		{6E08845D-A86A-40FE-8D32-2367B54FE85C}.Debug|Win32.ActiveCfg = Debug|Win32
		{6E08845D-A86A-40FE-8D32-2367B54FE85C}.Debug|Win32.Build.0 = Debug|Win32
		{6E08845D-A86A-40FE-8D32-2367B54FE85C}.Debug|x64.ActiveCfg = Debug|x64
		{6E08845D-A86A-40FE-8D32-2367B54FE85C}.Debug|x64.Build.0 = Debug|x64
		{6E08845D-A86A-40FE-8D32-2367B54FE85C}.Debug|x86.ActiveCfg = Debug|Win32
		{6E08845D-A86A-40FE-8D32-2367B54FE85C}.Debug|x86.Build.0 = Debug|Win32
		{6E08845D-A86A-40FE-8D32-2367B54FE85C}.MinSizeRel|Win32.ActiveCfg = Release|Win32
		{6E08845D-A86A-40FE-8D32-2367B54FE85C}.MinSizeRel|Win32.Build.0 = Release|Win32
		{6E08845D-A86A-40FE-8D32-2367B54FE85C}.MinSizeRel|x64.ActiveCfg = Debug|x64
		{6E08845D-A86A-40FE-8D32-2367B54FE85C}.MinSizeRel|x64.Build.0 = Debug|x64
		{6E08845D-A86A-40FE-8D32-2367B54FE85C}.MinSizeRel|x86.ActiveCfg = Release|Win32
		{6E08845D-A86A-40FE-8D32-2367B54FE85C}.MinSizeRel|x86.Build.0 = Release|Win32
		{6E08845D-A86A-40FE-8D32-2367B54FE85C}.Release Multithreaded|Win32.ActiveCfg = Release|Win32
		{6E08845D-A86A-40FE-8D32-2367B54FE85C}.Release Multithreaded|Win32.Build.0 = Release|Win32
		{6E08845D-A86A-40FE-8D32-2367B54FE85C}.Release Multithreaded|x64.ActiveCfg = Debug|x64
		{6E08845D-A86A-40FE-8D32-2367B54FE85C}.Release Multithreaded|x64.Build.0 = Debug|x64
		{6E08845D-A86A-40FE-8D32-2367B54FE85C}.Release Multithreaded|x86.ActiveCfg = Release|Win32
		{6E08845D-A86A-40FE-8D32-2367B54FE85C}.Release Multithreaded|x86.Build.0 = Release|Win32
		{6E08845D-A86A-40FE-8D32-2367B54FE85C}.Release Singlethreaded|Win32.ActiveCfg = Release|Win32
		{6E08845D-A86A-40FE-8D32-2367B54FE85C}.Release Singlethreaded|Win32.Build.0 = Release|Win32
		{6E08845D-A86A-40FE-8D32-2367B54FE85C}.Release Singlethreaded|x64.ActiveCfg = Debug|x64
		{6E08845D-A86A-40FE-8D32-2367B54FE85C}.Release Singlethreaded|x64.Build.0 = Debug|x64
		{6E08845D-A86A-40FE-8D32-2367B54FE85C}.Release Singlethreaded|x86.ActiveCfg = Release|Win32
		{6E08845D-A86A-40FE-8D32-2367B54FE85C}.Release Singlethreaded|x86.Build.0 = Release|Win32
		{6E08845D-A86A-40FE-8D32-2367B54FE85C}.Release|Win32.ActiveCfg = Release|Win32
		{6E08845D-A86A-40FE-8D32-2367B54FE85C}.Release|Win32.Build.0 = Release|Win32
		{6E08845D-A86A-40FE-8D32-2367B54FE85C}.Release|x64.ActiveCfg = Release|x64
		{6E08845D-A86A-40FE-8D32-2367B54FE85C}.Release|x64.Build.0 = Release|x64
		{6E08845D-A86A-40FE-8D32-2367B54FE85C}.Release|x86.ActiveCfg = Release|Win32
		{6E08845D-A86A-40FE-8D32-2367B54FE85C}.Release|x86.Build.0 = Release|Win32
		{6E08845D-A86A-40FE-8D32-2367B54FE85C}.RelWithDebInfo|Win32.ActiveCfg = Release|Win32
		{6E08845D-A86A-40FE-8D32-2367B54FE85C}.RelWithDebInfo|Win32.Build.0 = Release|Win32
		{6E08845D-A86A-40FE-8D32-2367B54FE85C}.RelWithDebInfo|x64.ActiveCfg = Debug|x64
		{6E08845D-A86A-40FE-8D32-2367B54FE85C}.RelWithDebInfo|x64.Build.0 = Debug|x64
		{6E08845D-A86A-40FE-8D32-2367B54FE85C}.RelWithDebInfo|x86.ActiveCfg = Release|Win32
		{6E08845D-A86A-40FE-8D32-2367B54FE85C}.RelWithDebInfo|x86.Build.0 = Release|Win32
		{7E901B79-C226-4EB9-917C-1CF0BB609C33}.Debug Multithreaded|Win32.ActiveCfg = Debug|Win32
		{7E901B79-C226-4EB9-917C-1CF0BB609C33}.Debug Multithreaded|Win32.Build.0 = Debug|Win32
		{7E901B79-C226-4EB9-917C-1CF0BB609C33}.Debug Multithreaded|x64.ActiveCfg = Debug|x64
		{7E901B79-C226-4EB9-917C-1CF0BB609C33}.Debug Multithreaded|x64.Build.0 = Debug|x64
		{7E901B79-C226-4EB9-917C-1CF0BB609C33}.Debug Multithreaded|x86.ActiveCfg = Debug|Win32
		{7E901B79-C226-4EB9-917C-1CF0BB609C33}.Debug Multithreaded|x86.Build.0 = Debug|Win32
		{7E901B79-C226-4EB9-917C-1CF0BB609C33}.Debug Singlethreaded|Win32.ActiveCfg = Debug|Win32
		{7E901B79-C226-4EB9-917C-1CF0BB609C33}.Debug Singlethreaded|Win32.Build.0 = Debug|Win32
		{7E901B79-C226-4EB9-917C-1CF0BB609C33}.Debug Singlethreaded|x64.ActiveCfg = Debug|x64
		{7E901B79-C226-4EB9-917C-1CF0BB609C33}.Debug Singlethreaded|x64.Build.0 = Debug|x64
		{7E901B79-C226-4EB9-917C-1CF0BB609C33}.Debug Singlethreaded|x86.ActiveCfg = Debug|Win32
		{7E901B79-C226-4EB9-917C-1CF0BB609C33}.Debug Singlethreaded|x86.Build.0 = Debug|Win32
		{7E901B79-C226-4EB9-917C-1CF0BB609C33}.Debug|Win32.ActiveCfg = Debug|Win32
		{7E901B79-C226-4EB9-917C-1CF0BB609C33}.Debug|Win32.Build.0 = Debug|Win32
		{7E901B79-C226-4EB9-917C-1CF0BB609C33}.Debug|x64.ActiveCfg = Debug|x64
		{7E901B79-C226-4EB9-917C-1CF0BB609C33}.Debug|x64.Build.0 = Debug|x64
		{7E901B79-C226-4EB9-917C-1CF0BB609C33}.Debug|x86.ActiveCfg = Debug|Win32
		{7E901B79-C226-4EB9-917C-1CF0BB609C33}.Debug|x86.Build.0 = Debug|Win32
		{7E901B79-C226-4EB9-917C-1CF0BB609C33}.MinSizeRel|Win32.ActiveCfg = Release|Win32
		{7E901B79-C226-4EB9-917C-1CF0BB609C33}.MinSizeRel|Win32.Build.0 = Release|Win32
		{7E901B79-C226-4EB9-917C-1CF0BB609C33}.MinSizeRel|x64.ActiveCfg = Debug|x64
		{7E901B79-C226-4EB9-917C-1CF0BB609C33}.MinSizeRel|x64.Build.0 = Debug|x64
		{7E901B79-C226-4EB9-917C-1CF0BB609C33}.MinSizeRel|x86.ActiveCfg = Release|Win32
		{7E901B79-C226-4EB9-917C-1CF0BB609C33}.MinSizeRel|x86.Build.0 = Release|Win32
		{7E901B79-C226-4EB9-917C-1CF0BB609C33}.Release Multithreaded|Win32.ActiveCfg = Release|Win32
		{7E901B79-C226-4EB9-917C-1CF0BB609C33}.Release Multithreaded|Win32.Build.0 = Release|Win32
		{7E901B79-C226-4EB9-917C-1CF0BB609C33}.Release Multithreaded|x64.ActiveCfg = Debug|x64
		{7E901B79-C226-4EB9-917C-1CF0BB609C33}.Release Multithreaded|x64.Build.0 = Debug|x64
		{7E901B79-C226-4EB9-917C-1CF0BB609C33}.Release Multithreaded|x86.ActiveCfg = Release|Win32
		{7E901B79-C226-4EB9-917C-1CF0BB609C33}.Release Multithreaded|x86.Build.0 = Release|Win32
		{7E901B79-C226-4EB9-917C-1CF0BB609C33}.Release Singlethreaded|Win32.ActiveCfg = Release|Win32
		{7E901B79-C226-4EB9-917C-1CF0BB609C33}.Release Singlethreaded|Win32.Build.0 = Release|Win32
		{7E901B79-C226-4EB9-917C-1CF0BB609C33}.Release Singlethreaded|x64.ActiveCfg = Debug|x64
		{7E901B79-C226-4EB9-917C-1CF0BB609C33}.Release Singlethreaded|x64.Build.0 = Debug|x64
		{7E901B79-C226-4EB9-917C-1CF0BB609C33}.Release Singlethreaded|x86.ActiveCfg = Release|Win32
		{7E901B79-C226-4EB9-917C-1CF0BB609C33}.Release Singlethreaded|x86.Build.0 = Release|Win32
		{7E901B79-C226-4EB9-917C-1CF0BB609C33}.Release|Win32.ActiveCfg = Release|Win32
		{7E901B79-C226-4EB9-917C-1CF0BB609C33}.Release|Win32.Build.0 = Release|Win32
		{7E901B79-C226-4EB9-917C-1CF0BB609C33}.Release|x64.ActiveCfg = Release|x64
		{7E901B79-C226-4EB9-917C-1CF0BB609C33}.Release|x64.Build.0 = Release|x64
		{7E901B79-C226-4EB9-917C-1CF0BB609C33}.Release|x86.ActiveCfg = Release|Win32
		{7E901B79-C226-4EB9-917C-1CF0BB609C33}.Release|x86.Build.0 = Release|Win32
		{7E901B79-C226-4EB9-917C-1CF0BB609C33}.RelWithDebInfo|Win32.ActiveCfg = Release|Win32
		{7E901B79-C226-4EB9-917C-1CF0BB609C33}.RelWithDebInfo|Win32.Build.0 = Release|Win32
		{7E901B79-C226-4EB9-917C-1CF0BB609C33}.RelWithDebInfo|x64.ActiveCfg = Debug|x64
		{7E901B79-C226-4EB9-917C-1CF0BB609C33}.RelWithDebInfo|x64.Build.0 = Debug|x64
		{7E901B79-C226-4EB9-917C-1CF0BB609C33}.RelWithDebInfo|x86.ActiveCfg = Release|Win32
		{7E901B79-C226-4EB9-917C-1CF0BB609C33}.RelWithDebInfo|x86.Build.0 = Release|Win32
		{EAE2DB66-46F2-4DCC-B188-126C7F0156A6}.Debug Multithreaded|Win32.ActiveCfg = Debug|Win32
		{EAE2DB66-46F2-4DCC-B188-126C7F0156A6}.Debug Multithreaded|Win32.Build.0 = Debug|Win32
		{EAE2DB66-46F2-4DCC-B188-126C7F0156A6}.Debug Multithreaded|x64.ActiveCfg = Debug|x64
		{EAE2DB66-46F2-4DCC-B188-126C7F0156A6}.Debug Multithreaded|x64.Build.0 = Debug|x64
		{EAE2DB66-46F2-4DCC-B188-126C7F0156A6}.Debug Multithreaded|x86.ActiveCfg = Debug|Win32
		{EAE2DB66-46F2-4DCC-B188-126C7F0156A6}.Debug Multithreaded|x86.Build.0 = Debug|Win32
		{EAE2DB66-46F2-4DCC-B188-126C7F0156A6}.Debug Singlethreaded|Win32.ActiveCfg = Debug|Win32
		{EAE2DB66-46F2-4DCC-B188-126C7F0156A6}.Debug Singlethreaded|Win32.Build.0 = Debug|Win32
		{EAE2DB66-46F2-4DCC-B188-126C7F0156A6}.Debug Singlethreaded|x64.ActiveCfg = Debug|x64
		{EAE2DB66-46F2-4DCC-B188-126C7F0156A6}.Debug Singlethreaded|x64.Build.0 = Debug|x64
		{EAE2DB66-46F2-4DCC-B188-126C7F0156A6}.Debug Singlethreaded|x86.ActiveCfg = Debug|Win32
		{EAE2DB66-46F2-4DCC-B188-126C7F0156A6}.Debug Singlethreaded|x86.Build.0 = Debug|Win32
		{EAE2DB66-46F2-4DCC-B188-126C7F0156A6}.Debug|Win32.ActiveCfg = Debug|Win32
		{EAE2DB66-46F2-4DCC-B188-126C7F0156A6}.Debug|Win32.Build.0 = Debug|Win32
		{EAE2DB66-46F2-4DCC-B188-126C7F0156A6}.Debug|x64.ActiveCfg = Debug|x64
		{EAE2DB66-46F2-4DCC-B188-126C7F0156A6}.Debug|x64.Build.0 = Debug|x64
		{EAE2DB66-46F2-4DCC-B188-126C7F0156A6}.Debug|x86.ActiveCfg = Debug|Win32
		{EAE2DB66-46F2-4DCC-B188-126C7F0156A6}.Debug|x86.Build.0 = Debug|Win32
		{EAE2DB66-46F2-4DCC-B188-126C7F0156A6}.MinSizeRel|Win32.ActiveCfg = Release|Win32
		{EAE2DB66-46F2-4DCC-B188-126C7F0156A6}.MinSizeRel|Win32.Build.0 = Release|Win32
		{EAE2DB66-46F2-4DCC-B188-126C7F0156A6}.MinSizeRel|x64.ActiveCfg = Debug|x64
		{EAE2DB66-46F2-4DCC-B188-126C7F0156A6}.MinSizeRel|x64.Build.0 = Debug|x64
		{EAE2DB66-46F2-4DCC-B188-126C7F0156A6}.MinSizeRel|x86.ActiveCfg = Release|Win32
		{EAE2DB66-46F2-4DCC-B188-126C7F0156A6}.MinSizeRel|x86.Build.0 = Release|Win32
		{EAE2DB66-46F2-4DCC-B188-126C7F0156A6}.Release Multithreaded|Win32.ActiveCfg = Release|Win32
		{EAE2DB66-46F2-4DCC-B188-126C7F0156A6}.Release Multithreaded|Win32.Build.0 = Release|Win32
		{EAE2DB66-46F2-4DCC-B188-126C7F0156A6}.Release Multithreaded|x64.ActiveCfg = Debug|x64
		{EAE2DB66-46F2-4DCC-B188-126C7F0156A6}.Release Multithreaded|x64.Build.0 = Debug|x64
		{EAE2DB66-46F2-4DCC-B188-126C7F0156A6}.Release Multithreaded|x86.ActiveCfg = Release|Win32
		{EAE2DB66-46F2-4DCC-B188-126C7F0156A6}.Release Multithreaded|x86.Build.0 = Release|Win32
		{EAE2DB66-46F2-4DCC-B188-126C7F0156A6}.Release Singlethreaded|Win32.ActiveCfg = Release|Win32
		{EAE2DB66-46F2-4DCC-B188-126C7F0156A6}.Release Singlethreaded|Win32.Build.0 = Release|Win32
		{EAE2DB66-46F2-4DCC-B188-126C7F0156A6}.Release Singlethreaded|x64.ActiveCfg = Debug|x64
		{EAE2DB66-46F2-4DCC-B188-126C7F0156A6}.Release Singlethreaded|x64.Build.0 = Debug|x64
		{EAE2DB66-46F2-4DCC-B188-126C7F0156A6}.Release Singlethreaded|x86.ActiveCfg = Release|Win32
		{EAE2DB66-46F2-4DCC-B188-126C7F0156A6}.Release Singlethreaded|x86.Build.0 = Release|Win32
		{EAE2DB66-46F2-4DCC-B188-126C7F0156A6}.Release|Win32.ActiveCfg = Release|Win32
		{EAE2DB66-46F2-4DCC-B188-126C7F0156A6}.Release|Win32.Build.0 = Release|Win32
		{EAE2DB66-46F2-4DCC-B188-126C7F0156A6}.Release|x64.ActiveCfg = Release|x64
		{EAE2DB66-46F2-4DCC-B188-126C7F0156A6}.Release|x64.Build.0 = Release|x64
		{EAE2DB66-46F2-4DCC-B188-126C7F0156A6}.Release|x86.ActiveCfg = Release|Win32
		{EAE2DB66-46F2-4DCC-B188-126C7F0156A6}.Release|x86.Build.0 = Release|Win32
		{EAE2DB66-46F2-4DCC-B188-126C7F0156A6}.RelWithDebInfo|Win32.ActiveCfg = Release|Win32
		{EAE2DB66-46F2-4DCC-B188-126C7F0156A6}.RelWithDebInfo|Win32.Build.0 = Release|Win32
		{EAE2DB66-46F2-4DCC-B188-126C7F0156A6}.RelWithDebInfo|x64.ActiveCfg = Debug|x64
		{EAE2DB66-46F2-4DCC-B188-126C7F0156A6}.RelWithDebInfo|x64.Build.0 = Debug|x64
		{EAE2DB66-46F2-4DCC-B188-126C7F0156A6}.RelWithDebInfo|x86.ActiveCfg = Release|Win32
		{EAE2DB66-46F2-4DCC-B188-126C7F0156A6}.RelWithDebInfo|x86.Build.0 = Release|Win32
		{0D68C52E-AD5B-4AD8-B536-A360E1BA97B1}.Debug Multithreaded|Win32.ActiveCfg = Debug|Win32
		{0D68C52E-AD5B-4AD8-B536-A360E1BA97B1}.Debug Multithreaded|Win32.Build.0 = Debug|Win32
		{0D68C52E-AD5B-4AD8-B536-A360E1BA97B1}.Debug Multithreaded|x64.ActiveCfg = Debug|x64
		{0D68C52E-AD5B-4AD8-B536-A360E1BA97B1}.Debug Multithreaded|x64.Build.0 = Debug|x64
		{0D68C52E-AD5B-4AD8-B536-A360E1BA97B1}.Debug Multithreaded|x86.ActiveCfg = Debug|Win32
		{0D68C52E-AD5B-4AD8-B536-A360E1BA97B1}.Debug Multithreaded|x86.Build.0 = Debug|Win32
		{0D68C52E-AD5B-4AD8-B536-A360E1BA97B1}.Debug Singlethreaded|Win32.ActiveCfg = Debug|Win32
		{0D68C52E-AD5B-4AD8-B536-A360E1BA97B1}.Debug Singlethreaded|Win32.Build.0 = Debug|Win32
		{0D68C52E-AD5B-4AD8-B536-A360E1BA97B1}.Debug Singlethreaded|x64.ActiveCfg = Debug|x64
		{0D68C52E-AD5B-4AD8-B536-A360E1BA97B1}.Debug Singlethreaded|x64.Build.0 = Debug|x64
		{0D68C52E-AD5B-4AD8-B536-A360E1BA97B1}.Debug Singlethreaded|x86.ActiveCfg = Debug|Win32
		{0D68C52E-AD5B-4AD8-B536-A360E1BA97B1}.Debug Singlethreaded|x86.Build.0 = Debug|Win32
		{0D68C52E-AD5B-4AD8-B536-A360E1BA97B1}.Debug|Win32.ActiveCfg = Debug|Win32
		{0D68C52E-AD5B-4AD8-B536-A360E1BA97B1}.Debug|Win32.Build.0 = Debug|Win32
		{0D68C52E-AD5B-4AD8-B536-A360E1BA97B1}.Debug|x64.ActiveCfg = Debug|x64
		{0D68C52E-AD5B-4AD8-B536-A360E1BA97B1}.Debug|x64.Build.0 = Debug|x64
		{0D68C52E-AD5B-4AD8-B536-A360E1BA97B1}.Debug|x86.ActiveCfg = Debug|Win32
		{0D68C52E-AD5B-4AD8-B536-A360E1BA97B1}.Debug|x86.Build.0 = Debug|Win32
		{0D68C52E-AD5B-4AD8-B536-A360E1BA97B1}.MinSizeRel|Win32.ActiveCfg = Release|Win32
		{0D68C52E-AD5B-4AD8-B536-A360E1BA97B1}.MinSizeRel|Win32.Build.0 = Release|Win32
		{0D68C52E-AD5B-4AD8-B536-A360E1BA97B1}.MinSizeRel|x64.ActiveCfg = Release|x64
		{0D68C52E-AD5B-4AD8-B536-A360E1BA97B1}.MinSizeRel|x64.Build.0 = Release|x64
		{0D68C52E-AD5B-4AD8-B536-A360E1BA97B1}.MinSizeRel|x86.ActiveCfg = Release|Win32
		{0D68C52E-AD5B-4AD8-B536-A360E1BA97B1}.MinSizeRel|x86.Build.0 = Release|Win32
		{0D68C52E-AD5B-4AD8-B536-A360E1BA97B1}.Release Multithreaded|Win32.ActiveCfg = Release|Win32
		{0D68C52E-AD5B-4AD8-B536-A360E1BA97B1}.Release Multithreaded|Win32.Build.0 = Release|Win32
		{0D68C52E-AD5B-4AD8-B536-A360E1BA97B1}.Release Multithreaded|x64.ActiveCfg = Release|x64
		{0D68C52E-AD5B-4AD8-B536-A360E1BA97B1}.Release Multithreaded|x64.Build.0 = Release|x64
		{0D68C52E-AD5B-4AD8-B536-A360E1BA97B1}.Release Multithreaded|x86.ActiveCfg = Release|Win32
		{0D68C52E-AD5B-4AD8-B536-A360E1BA97B1}.Release Multithreaded|x86.Build.0 = Release|Win32
		{0D68C52E-AD5B-4AD8-B536-A360E1BA97B1}.Release Singlethreaded|Win32.ActiveCfg = Release|Win32
		{0D68C52E-AD5B-4AD8-B536-A360E1BA97B1}.Release Singlethreaded|Win32.Build.0 = Release|Win32
		{0D68C52E-AD5B-4AD8-B536-A360E1BA97B1}.Release Singlethreaded|x64.ActiveCfg = Release|x64
		{0D68C52E-AD5B-4AD8-B536-A360E1BA97B1}.Release Singlethreaded|x64.Build.0 = Release|x64
		{0D68C52E-AD5B-4AD8-B536-A360E1BA97B1}.Release Singlethreaded|x86.ActiveCfg = Release|Win32
		{0D68C52E-AD5B-4AD8-B536-A360E1BA97B1}.Release Singlethreaded|x86.Build.0 = Release|Win32
		{0D68C52E-AD5B-4AD8-B536-A360E1BA97B1}.Release|Win32.ActiveCfg = Release|Win32
		{0D68C52E-AD5B-4AD8-B536-A360E1BA97B1}.Release|Win32.Build.0 = Release|Win32
		{0D68C52E-AD5B-4AD8-B536-A360E1BA97B1}.Release|x64.ActiveCfg = Release|x64
		{0D68C52E-AD5B-4AD8-B536-A360E1BA97B1}.Release|x64.Build.0 = Release|x64
		{0D68C52E-AD5B-4AD8-B536-A360E1BA97B1}.Release|x86.ActiveCfg = Release|Win32
		{0D68C52E-AD5B-4AD8-B536-A360E1BA97B1}.Release|x86.Build.0 = Release|Win32
		{0D68C52E-AD5B-4AD8-B536-A360E1BA97B1}.RelWithDebInfo|Win32.ActiveCfg = Release|Win32
		{0D68C52E-AD5B-4AD8-B536-A360E1BA97B1}.RelWithDebInfo|Win32.Build.0 = Release|Win32
		{0D68C52E-AD5B-4AD8-B536-A360E1BA97B1}.RelWithDebInfo|x64.ActiveCfg = Release|x64
		{0D68C52E-AD5B-4AD8-B536-A360E1BA97B1}.RelWithDebInfo|x64.Build.0 = Release|x64
		{0D68C52E-AD5B-4AD8-B536-A360E1BA97B1}.RelWithDebInfo|x86.ActiveCfg = Release|Win32
		{0D68C52E-AD5B-4AD8-B536-A360E1BA97B1}.RelWithDebInfo|x86.Build.0 = Release|Win32
	EndGlobalSection
	GlobalSection(SolutionProperties) = preSolution
		HideSolutionNode = FALSE
	EndGlobalSection
	GlobalSection(ExtensibilityGlobals) = postSolution
		SolutionGuid = {14848D77-901F-3878-AAA5-6FA7A9FEF92A}
	EndGlobalSection
EndGlobal
